
Microsoft Visual Studio Solution File, Format Version 12.00
# Visual Studio Version 16
VisualStudioVersion = 16.0.31702.278
MinimumVisualStudioVersion = 10.0.40219.1
Project("{FAE04EC0-301F-11D3-BF4B-00C04F79EFBC}") = "Module 1.1_Exercise 9_1", "Module 1.1_Exercise 9_1\Module 1.1_Exercise 9_1.csproj", "{09ED0304-ADDC-4EE7-98FE-13410404685C}"
EndProject
Global
	GlobalSection(SolutionConfigurationPlatforms) = preSolution
		Debug|Any CPU = Debug|Any CPU
		Release|Any CPU = Release|Any CPU
	EndGlobalSection
	GlobalSection(ProjectConfigurationPlatforms) = postSolution
		{09ED0304-ADDC-4EE7-98FE-13410404685C}.Debug|Any CPU.ActiveCfg = Debug|Any CPU
		{09ED0304-ADDC-4EE7-98FE-13410404685C}.Debug|Any CPU.Build.0 = Debug|Any CPU
		{09ED0304-ADDC-4EE7-98FE-13410404685C}.Release|Any CPU.ActiveCfg = Release|Any CPU
		{09ED0304-ADDC-4EE7-98FE-13410404685C}.Release|Any CPU.Build.0 = Release|Any CPU
	EndGlobalSection
	GlobalSection(SolutionProperties) = preSolution
		HideSolutionNode = FALSE
	EndGlobalSection
	GlobalSection(ExtensibilityGlobals) = postSolution
		SolutionGuid = {6124683E-9467-46E3-ADBB-5CBAFA8CA827}
	EndGlobalSection
EndGlobal
